
Microsoft Visual Studio Solution File, Format Version 12.00
# Visual Studio Version 17
VisualStudioVersion = 17.0.31903.59
MinimumVisualStudioVersion = 10.0.40219.1
Project("{FAE04EC0-301F-11D3-BF4B-00C04F79EFBC}") = "BirthdayGreeter.Domain", "BirthdayGreeter.Domain\BirthdayGreeter.Domain.csproj", "{F2C8CA49-2B28-48FE-BE7F-012F7258CB2D}"
EndProject
Project("{FAE04EC0-301F-11D3-BF4B-00C04F79EFBC}") = "BirthdayGreeter.Data", "BirthdayGreeter.Data\BirthdayGreeter.Data.csproj", "{AACD92BB-1128-4ABA-8966-13988EC64613}"
EndProject
Project("{FAE04EC0-301F-11D3-BF4B-00C04F79EFBC}") = "BirthdayGreeter.Service", "BirthdayGreeter.Service\BirthdayGreeter.Service.csproj", "{AC0F3B57-0BF8-44C4-969B-8028400BD210}"
EndProject
Project("{FAE04EC0-301F-11D3-BF4B-00C04F79EFBC}") = "BirthdayGreeter.ConsoleApp", "BirthdayGreeter.ConsoleApp\BirthdayGreeter.ConsoleApp.csproj", "{B77728DE-C5F5-4208-B120-14BF0B1E5B1B}"
EndProject
Global
	GlobalSection(SolutionConfigurationPlatforms) = preSolution
		Debug|Any CPU = Debug|Any CPU
		Debug|x64 = Debug|x64
		Debug|x86 = Debug|x86
		Release|Any CPU = Release|Any CPU
		Release|x64 = Release|x64
		Release|x86 = Release|x86
	EndGlobalSection
	GlobalSection(ProjectConfigurationPlatforms) = postSolution
		{F2C8CA49-2B28-48FE-BE7F-012F7258CB2D}.Debug|Any CPU.ActiveCfg = Debug|Any CPU
		{F2C8CA49-2B28-48FE-BE7F-012F7258CB2D}.Debug|Any CPU.Build.0 = Debug|Any CPU
		{F2C8CA49-2B28-48FE-BE7F-012F7258CB2D}.Debug|x64.ActiveCfg = Debug|Any CPU
		{F2C8CA49-2B28-48FE-BE7F-012F7258CB2D}.Debug|x64.Build.0 = Debug|Any CPU
		{F2C8CA49-2B28-48FE-BE7F-012F7258CB2D}.Debug|x86.ActiveCfg = Debug|Any CPU
		{F2C8CA49-2B28-48FE-BE7F-012F7258CB2D}.Debug|x86.Build.0 = Debug|Any CPU
		{F2C8CA49-2B28-48FE-BE7F-012F7258CB2D}.Release|Any CPU.ActiveCfg = Release|Any CPU
		{F2C8CA49-2B28-48FE-BE7F-012F7258CB2D}.Release|Any CPU.Build.0 = Release|Any CPU
		{F2C8CA49-2B28-48FE-BE7F-012F7258CB2D}.Release|x64.ActiveCfg = Release|Any CPU
		{F2C8CA49-2B28-48FE-BE7F-012F7258CB2D}.Release|x64.Build.0 = Release|Any CPU
		{F2C8CA49-2B28-48FE-BE7F-012F7258CB2D}.Release|x86.ActiveCfg = Release|Any CPU
		{F2C8CA49-2B28-48FE-BE7F-012F7258CB2D}.Release|x86.Build.0 = Release|Any CPU
		{AACD92BB-1128-4ABA-8966-13988EC64613}.Debug|Any CPU.ActiveCfg = Debug|Any CPU
		{AACD92BB-1128-4ABA-8966-13988EC64613}.Debug|Any CPU.Build.0 = Debug|Any CPU
		{AACD92BB-1128-4ABA-8966-13988EC64613}.Debug|x64.ActiveCfg = Debug|Any CPU
		{AACD92BB-1128-4ABA-8966-13988EC64613}.Debug|x64.Build.0 = Debug|Any CPU
		{AACD92BB-1128-4ABA-8966-13988EC64613}.Debug|x86.ActiveCfg = Debug|Any CPU
		{AACD92BB-1128-4ABA-8966-13988EC64613}.Debug|x86.Build.0 = Debug|Any CPU
		{AACD92BB-1128-4ABA-8966-13988EC64613}.Release|Any CPU.ActiveCfg = Release|Any CPU
		{AACD92BB-1128-4ABA-8966-13988EC64613}.Release|Any CPU.Build.0 = Release|Any CPU
		{AACD92BB-1128-4ABA-8966-13988EC64613}.Release|x64.ActiveCfg = Release|Any CPU
		{AACD92BB-1128-4ABA-8966-13988EC64613}.Release|x64.Build.0 = Release|Any CPU
		{AACD92BB-1128-4ABA-8966-13988EC64613}.Release|x86.ActiveCfg = Release|Any CPU
		{AACD92BB-1128-4ABA-8966-13988EC64613}.Release|x86.Build.0 = Release|Any CPU
		{AC0F3B57-0BF8-44C4-969B-8028400BD210}.Debug|Any CPU.ActiveCfg = Debug|Any CPU
		{AC0F3B57-0BF8-44C4-969B-8028400BD210}.Debug|Any CPU.Build.0 = Debug|Any CPU
		{AC0F3B57-0BF8-44C4-969B-8028400BD210}.Debug|x64.ActiveCfg = Debug|Any CPU
		{AC0F3B57-0BF8-44C4-969B-8028400BD210}.Debug|x64.Build.0 = Debug|Any CPU
		{AC0F3B57-0BF8-44C4-969B-8028400BD210}.Debug|x86.ActiveCfg = Debug|Any CPU
		{AC0F3B57-0BF8-44C4-969B-8028400BD210}.Debug|x86.Build.0 = Debug|Any CPU
		{AC0F3B57-0BF8-44C4-969B-8028400BD210}.Release|Any CPU.ActiveCfg = Release|Any CPU
		{AC0F3B57-0BF8-44C4-969B-8028400BD210}.Release|Any CPU.Build.0 = Release|Any CPU
		{AC0F3B57-0BF8-44C4-969B-8028400BD210}.Release|x64.ActiveCfg = Release|Any CPU
		{AC0F3B57-0BF8-44C4-969B-8028400BD210}.Release|x64.Build.0 = Release|Any CPU
		{AC0F3B57-0BF8-44C4-969B-8028400BD210}.Release|x86.ActiveCfg = Release|Any CPU
		{AC0F3B57-0BF8-44C4-969B-8028400BD210}.Release|x86.Build.0 = Release|Any CPU
		{B77728DE-C5F5-4208-B120-14BF0B1E5B1B}.Debug|Any CPU.ActiveCfg = Debug|Any CPU
		{B77728DE-C5F5-4208-B120-14BF0B1E5B1B}.Debug|Any CPU.Build.0 = Debug|Any CPU
		{B77728DE-C5F5-4208-B120-14BF0B1E5B1B}.Debug|x64.ActiveCfg = Debug|Any CPU
		{B77728DE-C5F5-4208-B120-14BF0B1E5B1B}.Debug|x64.Build.0 = Debug|Any CPU
		{B77728DE-C5F5-4208-B120-14BF0B1E5B1B}.Debug|x86.ActiveCfg = Debug|Any CPU
		{B77728DE-C5F5-4208-B120-14BF0B1E5B1B}.Debug|x86.Build.0 = Debug|Any CPU
		{B77728DE-C5F5-4208-B120-14BF0B1E5B1B}.Release|Any CPU.ActiveCfg = Release|Any CPU
		{B77728DE-C5F5-4208-B120-14BF0B1E5B1B}.Release|Any CPU.Build.0 = Release|Any CPU
		{B77728DE-C5F5-4208-B120-14BF0B1E5B1B}.Release|x64.ActiveCfg = Release|Any CPU
		{B77728DE-C5F5-4208-B120-14BF0B1E5B1B}.Release|x64.Build.0 = Release|Any CPU
		{B77728DE-C5F5-4208-B120-14BF0B1E5B1B}.Release|x86.ActiveCfg = Release|Any CPU
		{B77728DE-C5F5-4208-B120-14BF0B1E5B1B}.Release|x86.Build.0 = Release|Any CPU
	EndGlobalSection
	GlobalSection(SolutionProperties) = preSolution
		HideSolutionNode = FALSE
	EndGlobalSection
EndGlobal
